// !$*UTF8*$!
{
	archiveVersion = 1;
	classes = {
	};
	objectVersion = 55;
	objects = {

/* Begin PBXBuildFile section */
		2210E471598D85E2F8062234 /* Pods_Week9.framework in Frameworks */ = {isa = PBXBuildFile; fileRef = 366CCB67352116B4C49A46D6 /* Pods_Week9.framework */; };
		67918BC927582FBA0078F67E /* AppDelegate.swift in Sources */ = {isa = PBXBuildFile; fileRef = 67918BC827582FBA0078F67E /* AppDelegate.swift */; };
		67918BCB27582FBA0078F67E /* SceneDelegate.swift in Sources */ = {isa = PBXBuildFile; fileRef = 67918BCA27582FBA0078F67E /* SceneDelegate.swift */; };
		67918BD027582FBA0078F67E /* Main.storyboard in Resources */ = {isa = PBXBuildFile; fileRef = 67918BCE27582FBA0078F67E /* Main.storyboard */; };
		67918BD227582FBB0078F67E /* Assets.xcassets in Resources */ = {isa = PBXBuildFile; fileRef = 67918BD127582FBB0078F67E /* Assets.xcassets */; };
		67918BD527582FBB0078F67E /* LaunchScreen.storyboard in Resources */ = {isa = PBXBuildFile; fileRef = 67918BD327582FBB0078F67E /* LaunchScreen.storyboard */; };
		67918BDD275836650078F67E /* MovieCollectionViewCell.swift in Sources */ = {isa = PBXBuildFile; fileRef = 67918BDC275836650078F67E /* MovieCollectionViewCell.swift */; };
		67918BDF275836950078F67E /* MovieViewController.swift in Sources */ = {isa = PBXBuildFile; fileRef = 67918BDE275836950078F67E /* MovieViewController.swift */; };
		67918BEA27583DEC0078F67E /* Movies.swift in Sources */ = {isa = PBXBuildFile; fileRef = 67918BE927583DEC0078F67E /* Movies.swift */; };
		67918BEC27583EB10078F67E /* Result.swift in Sources */ = {isa = PBXBuildFile; fileRef = 67918BEB27583EB10078F67E /* Result.swift */; };
		67918BEF275840610078F67E /* Constants.swift in Sources */ = {isa = PBXBuildFile; fileRef = 67918BEE275840610078F67E /* Constants.swift */; };
		67918BF12758415C0078F67E /* MoviesViewModel.swift in Sources */ = {isa = PBXBuildFile; fileRef = 67918BF02758415C0078F67E /* MoviesViewModel.swift */; };
		67A97086275DA0C300BB2B57 /* String+Extensions.swift in Sources */ = {isa = PBXBuildFile; fileRef = 67A97085275DA0C300BB2B57 /* String+Extensions.swift */; };
		67E01EE627597DD800AD37A9 /* WebViewController.swift in Sources */ = {isa = PBXBuildFile; fileRef = 67E01EE527597DD800AD37A9 /* WebViewController.swift */; };
		67E01EE8275983A600AD37A9 /* ProfileViewController.swift in Sources */ = {isa = PBXBuildFile; fileRef = 67E01EE7275983A600AD37A9 /* ProfileViewController.swift */; };
		67E01EEA275A21BD00AD37A9 /* WebService.swift in Sources */ = {isa = PBXBuildFile; fileRef = 67E01EE9275A21BD00AD37A9 /* WebService.swift */; };
		67E01EED275A2A9F00AD37A9 /* UIImageView+Extensions.swift in Sources */ = {isa = PBXBuildFile; fileRef = 67E01EEC275A2A9F00AD37A9 /* UIImageView+Extensions.swift */; };
		67F86F8F275BB279003C233E /* Localizable.strings in Resources */ = {isa = PBXBuildFile; fileRef = 67F86F91275BB279003C233E /* Localizable.strings */; };
/* End PBXBuildFile section */

/* Begin PBXFileReference section */
		0C081294C62EFCB1FE8CDB23 /* Pods-Week9.release.xcconfig */ = {isa = PBXFileReference; includeInIndex = 1; lastKnownFileType = text.xcconfig; name = "Pods-Week9.release.xcconfig"; path = "Target Support Files/Pods-Week9/Pods-Week9.release.xcconfig"; sourceTree = "<group>"; };
		366CCB67352116B4C49A46D6 /* Pods_Week9.framework */ = {isa = PBXFileReference; explicitFileType = wrapper.framework; includeInIndex = 0; path = Pods_Week9.framework; sourceTree = BUILT_PRODUCTS_DIR; };
		67918BC527582FBA0078F67E /* Week9.app */ = {isa = PBXFileReference; explicitFileType = wrapper.application; includeInIndex = 0; path = Week9.app; sourceTree = BUILT_PRODUCTS_DIR; };
		67918BC827582FBA0078F67E /* AppDelegate.swift */ = {isa = PBXFileReference; lastKnownFileType = sourcecode.swift; path = AppDelegate.swift; sourceTree = "<group>"; };
		67918BCA27582FBA0078F67E /* SceneDelegate.swift */ = {isa = PBXFileReference; lastKnownFileType = sourcecode.swift; path = SceneDelegate.swift; sourceTree = "<group>"; };
		67918BCF27582FBA0078F67E /* Base */ = {isa = PBXFileReference; lastKnownFileType = file.storyboard; name = Base; path = Base.lproj/Main.storyboard; sourceTree = "<group>"; };
		67918BD127582FBB0078F67E /* Assets.xcassets */ = {isa = PBXFileReference; lastKnownFileType = folder.assetcatalog; path = Assets.xcassets; sourceTree = "<group>"; };
		67918BD427582FBB0078F67E /* Base */ = {isa = PBXFileReference; lastKnownFileType = file.storyboard; name = Base; path = Base.lproj/LaunchScreen.storyboard; sourceTree = "<group>"; };
		67918BD627582FBB0078F67E /* Info.plist */ = {isa = PBXFileReference; lastKnownFileType = text.plist.xml; path = Info.plist; sourceTree = "<group>"; };
		67918BDC275836650078F67E /* MovieCollectionViewCell.swift */ = {isa = PBXFileReference; lastKnownFileType = sourcecode.swift; path = MovieCollectionViewCell.swift; sourceTree = "<group>"; };
		67918BDE275836950078F67E /* MovieViewController.swift */ = {isa = PBXFileReference; lastKnownFileType = sourcecode.swift; path = MovieViewController.swift; sourceTree = "<group>"; };
		67918BE927583DEC0078F67E /* Movies.swift */ = {isa = PBXFileReference; lastKnownFileType = sourcecode.swift; path = Movies.swift; sourceTree = "<group>"; };
		67918BEB27583EB10078F67E /* Result.swift */ = {isa = PBXFileReference; lastKnownFileType = sourcecode.swift; path = Result.swift; sourceTree = "<group>"; };
		67918BEE275840610078F67E /* Constants.swift */ = {isa = PBXFileReference; lastKnownFileType = sourcecode.swift; path = Constants.swift; sourceTree = "<group>"; };
		67918BF02758415C0078F67E /* MoviesViewModel.swift */ = {isa = PBXFileReference; lastKnownFileType = sourcecode.swift; path = MoviesViewModel.swift; sourceTree = "<group>"; };
		67A97085275DA0C300BB2B57 /* String+Extensions.swift */ = {isa = PBXFileReference; lastKnownFileType = sourcecode.swift; path = "String+Extensions.swift"; sourceTree = "<group>"; };
		67E01EE527597DD800AD37A9 /* WebViewController.swift */ = {isa = PBXFileReference; lastKnownFileType = sourcecode.swift; path = WebViewController.swift; sourceTree = "<group>"; };
		67E01EE7275983A600AD37A9 /* ProfileViewController.swift */ = {isa = PBXFileReference; lastKnownFileType = sourcecode.swift; path = ProfileViewController.swift; sourceTree = "<group>"; };
		67E01EE9275A21BD00AD37A9 /* WebService.swift */ = {isa = PBXFileReference; lastKnownFileType = sourcecode.swift; path = WebService.swift; sourceTree = "<group>"; };
		67E01EEC275A2A9F00AD37A9 /* UIImageView+Extensions.swift */ = {isa = PBXFileReference; lastKnownFileType = sourcecode.swift; path = "UIImageView+Extensions.swift"; sourceTree = "<group>"; };
		67F86F88275BAA4F003C233E /* de */ = {isa = PBXFileReference; lastKnownFileType = text.plist.strings; name = de; path = de.lproj/Main.strings; sourceTree = "<group>"; };
		67F86F89275BAA77003C233E /* tr */ = {isa = PBXFileReference; lastKnownFileType = text.plist.strings; name = tr; path = tr.lproj/Main.strings; sourceTree = "<group>"; };
		67F86F8B275BAEB9003C233E /* en */ = {isa = PBXFileReference; lastKnownFileType = text.plist.strings; name = en; path = en.lproj/Main.strings; sourceTree = "<group>"; };
		67F86F90275BB279003C233E /* en */ = {isa = PBXFileReference; lastKnownFileType = text.plist.strings; name = en; path = en.lproj/Localizable.strings; sourceTree = "<group>"; };
		67F86F92275BB2A8003C233E /* de */ = {isa = PBXFileReference; lastKnownFileType = text.plist.strings; name = de; path = de.lproj/Localizable.strings; sourceTree = "<group>"; };
		67F86F93275BB2AA003C233E /* tr */ = {isa = PBXFileReference; lastKnownFileType = text.plist.strings; name = tr; path = tr.lproj/Localizable.strings; sourceTree = "<group>"; };
		BD28B275ADA2AA566A2F0AAC /* Pods-Week9.debug.xcconfig */ = {isa = PBXFileReference; includeInIndex = 1; lastKnownFileType = text.xcconfig; name = "Pods-Week9.debug.xcconfig"; path = "Target Support Files/Pods-Week9/Pods-Week9.debug.xcconfig"; sourceTree = "<group>"; };
/* End PBXFileReference section */

/* Begin PBXFrameworksBuildPhase section */
		67918BC227582FBA0078F67E /* Frameworks */ = {
			isa = PBXFrameworksBuildPhase;
			buildActionMask = 2147483647;
			files = (
				2210E471598D85E2F8062234 /* Pods_Week9.framework in Frameworks */,
			);
			runOnlyForDeploymentPostprocessing = 0;
		};
/* End PBXFrameworksBuildPhase section */

/* Begin PBXGroup section */
		67918BBC27582FBA0078F67E = {
			isa = PBXGroup;
			children = (
				67918BC727582FBA0078F67E /* Week9 */,
				67918BC627582FBA0078F67E /* Products */,
				D91FB4AFE75BCD42951077B1 /* Pods */,
				85A85027DA569DFA2BF37399 /* Frameworks */,
			);
			sourceTree = "<group>";
		};
		67918BC627582FBA0078F67E /* Products */ = {
			isa = PBXGroup;
			children = (
				67918BC527582FBA0078F67E /* Week9.app */,
			);
			name = Products;
			sourceTree = "<group>";
		};
		67918BC727582FBA0078F67E /* Week9 */ = {
			isa = PBXGroup;
			children = (
				67E01EEB275A2A8B00AD37A9 /* Extensions */,
				67918BED2758404A0078F67E /* Constants */,
				67918BE5275839ED0078F67E /* Core */,
				67918BE627583B490078F67E /* Resources */,
				67918BE3275839CD0078F67E /* NetworkManager */,
				67918BE1275839BF0078F67E /* Scenes */,
				67918BE0275839A60078F67E /* Cell */,
				67918BE4275839E80078F67E /* View */,
				67918BE827583C520078F67E /* ViewModel */,
				67918BE2275839C80078F67E /* Model */,
				67918BD627582FBB0078F67E /* Info.plist */,
			);
			path = Week9;
			sourceTree = "<group>";
		};
		67918BE0275839A60078F67E /* Cell */ = {
			isa = PBXGroup;
			children = (
				67918BDC275836650078F67E /* MovieCollectionViewCell.swift */,
			);
			path = Cell;
			sourceTree = "<group>";
		};
		67918BE1275839BF0078F67E /* Scenes */ = {
			isa = PBXGroup;
			children = (
				67918BDE275836950078F67E /* MovieViewController.swift */,
				67E01EE527597DD800AD37A9 /* WebViewController.swift */,
				67E01EE7275983A600AD37A9 /* ProfileViewController.swift */,
			);
			path = Scenes;
			sourceTree = "<group>";
		};
		67918BE2275839C80078F67E /* Model */ = {
			isa = PBXGroup;
			children = (
				67918BE927583DEC0078F67E /* Movies.swift */,
				67918BEB27583EB10078F67E /* Result.swift */,
			);
			path = Model;
			sourceTree = "<group>";
		};
		67918BE3275839CD0078F67E /* NetworkManager */ = {
			isa = PBXGroup;
			children = (
				67E01EE9275A21BD00AD37A9 /* WebService.swift */,
			);
			path = NetworkManager;
			sourceTree = "<group>";
		};
		67918BE4275839E80078F67E /* View */ = {
			isa = PBXGroup;
			children = (
				67918BD327582FBB0078F67E /* LaunchScreen.storyboard */,
				67918BCE27582FBA0078F67E /* Main.storyboard */,
			);
			path = View;
			sourceTree = "<group>";
		};
		67918BE5275839ED0078F67E /* Core */ = {
			isa = PBXGroup;
			children = (
				67918BC827582FBA0078F67E /* AppDelegate.swift */,
				67918BCA27582FBA0078F67E /* SceneDelegate.swift */,
			);
			path = Core;
			sourceTree = "<group>";
		};
		67918BE627583B490078F67E /* Resources */ = {
			isa = PBXGroup;
			children = (
				67F86F8E275BB248003C233E /* Strings */,
				67918BE727583B5B0078F67E /* Assets */,
			);
			path = Resources;
			sourceTree = "<group>";
		};
		67918BE727583B5B0078F67E /* Assets */ = {
			isa = PBXGroup;
			children = (
				67918BD127582FBB0078F67E /* Assets.xcassets */,
			);
			path = Assets;
			sourceTree = "<group>";
		};
		67918BE827583C520078F67E /* ViewModel */ = {
			isa = PBXGroup;
			children = (
				67918BF02758415C0078F67E /* MoviesViewModel.swift */,
			);
			path = ViewModel;
			sourceTree = "<group>";
		};
		67918BED2758404A0078F67E /* Constants */ = {
			isa = PBXGroup;
			children = (
				67918BEE275840610078F67E /* Constants.swift */,
			);
			path = Constants;
			sourceTree = "<group>";
		};
		67E01EEB275A2A8B00AD37A9 /* Extensions */ = {
			isa = PBXGroup;
			children = (
				67E01EEC275A2A9F00AD37A9 /* UIImageView+Extensions.swift */,
				67A97085275DA0C300BB2B57 /* String+Extensions.swift */,
			);
			path = Extensions;
			sourceTree = "<group>";
		};
		67F86F8E275BB248003C233E /* Strings */ = {
			isa = PBXGroup;
			children = (
				67F86F91275BB279003C233E /* Localizable.strings */,
			);
			path = Strings;
			sourceTree = "<group>";
		};
		85A85027DA569DFA2BF37399 /* Frameworks */ = {
			isa = PBXGroup;
			children = (
				366CCB67352116B4C49A46D6 /* Pods_Week9.framework */,
			);
			name = Frameworks;
			sourceTree = "<group>";
		};
		D91FB4AFE75BCD42951077B1 /* Pods */ = {
			isa = PBXGroup;
			children = (
				BD28B275ADA2AA566A2F0AAC /* Pods-Week9.debug.xcconfig */,
				0C081294C62EFCB1FE8CDB23 /* Pods-Week9.release.xcconfig */,
			);
			path = Pods;
			sourceTree = "<group>";
		};
/* End PBXGroup section */

/* Begin PBXNativeTarget section */
		67918BC427582FBA0078F67E /* Week9 */ = {
			isa = PBXNativeTarget;
			buildConfigurationList = 67918BD927582FBB0078F67E /* Build configuration list for PBXNativeTarget "Week9" */;
			buildPhases = (
				31234A29B80B9204B32834A1 /* [CP] Check Pods Manifest.lock */,
				67918BC127582FBA0078F67E /* Sources */,
				67918BC227582FBA0078F67E /* Frameworks */,
				67918BC327582FBA0078F67E /* Resources */,
				C492EDE8207F01770BC47690 /* [CP] Embed Pods Frameworks */,
			);
			buildRules = (
			);
			dependencies = (
			);
			name = Week9;
			productName = Week9;
			productReference = 67918BC527582FBA0078F67E /* Week9.app */;
			productType = "com.apple.product-type.application";
		};
/* End PBXNativeTarget section */

/* Begin PBXProject section */
		67918BBD27582FBA0078F67E /* Project object */ = {
			isa = PBXProject;
			attributes = {
				BuildIndependentTargetsInParallel = 1;
				LastSwiftUpdateCheck = 1310;
				LastUpgradeCheck = 1310;
				TargetAttributes = {
					67918BC427582FBA0078F67E = {
						CreatedOnToolsVersion = 13.1;
					};
				};
			};
			buildConfigurationList = 67918BC027582FBA0078F67E /* Build configuration list for PBXProject "Week9" */;
			compatibilityVersion = "Xcode 13.0";
			developmentRegion = en;
			hasScannedForEncodings = 0;
			knownRegions = (
				en,
				Base,
				de,
				tr,
			);
			mainGroup = 67918BBC27582FBA0078F67E;
			productRefGroup = 67918BC627582FBA0078F67E /* Products */;
			projectDirPath = "";
			projectRoot = "";
			targets = (
				67918BC427582FBA0078F67E /* Week9 */,
			);
		};
/* End PBXProject section */

/* Begin PBXResourcesBuildPhase section */
		67918BC327582FBA0078F67E /* Resources */ = {
			isa = PBXResourcesBuildPhase;
			buildActionMask = 2147483647;
			files = (
				67918BD527582FBB0078F67E /* LaunchScreen.storyboard in Resources */,
				67F86F8F275BB279003C233E /* Localizable.strings in Resources */,
				67918BD227582FBB0078F67E /* Assets.xcassets in Resources */,
				67918BD027582FBA0078F67E /* Main.storyboard in Resources */,
			);
			runOnlyForDeploymentPostprocessing = 0;
		};
/* End PBXResourcesBuildPhase section */

/* Begin PBXShellScriptBuildPhase section */
		31234A29B80B9204B32834A1 /* [CP] Check Pods Manifest.lock */ = {
			isa = PBXShellScriptBuildPhase;
			buildActionMask = 2147483647;
			files = (
			);
			inputFileListPaths = (
			);
			inputPaths = (
				"${PODS_PODFILE_DIR_PATH}/Podfile.lock",
				"${PODS_ROOT}/Manifest.lock",
			);
			name = "[CP] Check Pods Manifest.lock";
			outputFileListPaths = (
			);
			outputPaths = (
				"$(DERIVED_FILE_DIR)/Pods-Week9-checkManifestLockResult.txt",
			);
			runOnlyForDeploymentPostprocessing = 0;
			shellPath = /bin/sh;
			shellScript = "diff \"${PODS_PODFILE_DIR_PATH}/Podfile.lock\" \"${PODS_ROOT}/Manifest.lock\" > /dev/null\nif [ $? != 0 ] ; then\n    # print error to STDERR\n    echo \"error: The sandbox is not in sync with the Podfile.lock. Run 'pod install' or update your CocoaPods installation.\" >&2\n    exit 1\nfi\n# This output is used by Xcode 'outputs' to avoid re-running this script phase.\necho \"SUCCESS\" > \"${SCRIPT_OUTPUT_FILE_0}\"\n";
			showEnvVarsInLog = 0;
		};
		C492EDE8207F01770BC47690 /* [CP] Embed Pods Frameworks */ = {
			isa = PBXShellScriptBuildPhase;
			buildActionMask = 2147483647;
			files = (
			);
			inputFileListPaths = (
				"${PODS_ROOT}/Target Support Files/Pods-Week9/Pods-Week9-frameworks-${CONFIGURATION}-input-files.xcfilelist",
			);
			name = "[CP] Embed Pods Frameworks";
			outputFileListPaths = (
				"${PODS_ROOT}/Target Support Files/Pods-Week9/Pods-Week9-frameworks-${CONFIGURATION}-output-files.xcfilelist",
			);
			runOnlyForDeploymentPostprocessing = 0;
			shellPath = /bin/sh;
			shellScript = "\"${PODS_ROOT}/Target Support Files/Pods-Week9/Pods-Week9-frameworks.sh\"\n";
			showEnvVarsInLog = 0;
		};
/* End PBXShellScriptBuildPhase section */

/* Begin PBXSourcesBuildPhase section */
		67918BC127582FBA0078F67E /* Sources */ = {
			isa = PBXSourcesBuildPhase;
			buildActionMask = 2147483647;
			files = (
				67E01EEA275A21BD00AD37A9 /* WebService.swift in Sources */,
				67A97086275DA0C300BB2B57 /* String+Extensions.swift in Sources */,
				67918BEC27583EB10078F67E /* Result.swift in Sources */,
				67E01EE627597DD800AD37A9 /* WebViewController.swift in Sources */,
				67E01EE8275983A600AD37A9 /* ProfileViewController.swift in Sources */,
				67918BEA27583DEC0078F67E /* Movies.swift in Sources */,
				67918BDF275836950078F67E /* MovieViewController.swift in Sources */,
				67E01EED275A2A9F00AD37A9 /* UIImageView+Extensions.swift in Sources */,
				67918BC927582FBA0078F67E /* AppDelegate.swift in Sources */,
				67918BEF275840610078F67E /* Constants.swift in Sources */,
				67918BCB27582FBA0078F67E /* SceneDelegate.swift in Sources */,
				67918BDD275836650078F67E /* MovieCollectionViewCell.swift in Sources */,
				67918BF12758415C0078F67E /* MoviesViewModel.swift in Sources */,
			);
			runOnlyForDeploymentPostprocessing = 0;
		};
/* End PBXSourcesBuildPhase section */

/* Begin PBXVariantGroup section */
		67918BCE27582FBA0078F67E /* Main.storyboard */ = {
			isa = PBXVariantGroup;
			children = (
				67918BCF27582FBA0078F67E /* Base */,
				67F86F88275BAA4F003C233E /* de */,
				67F86F89275BAA77003C233E /* tr */,
				67F86F8B275BAEB9003C233E /* en */,
			);
			name = Main.storyboard;
			sourceTree = "<group>";
		};
		67918BD327582FBB0078F67E /* LaunchScreen.storyboard */ = {
			isa = PBXVariantGroup;
			children = (
				67918BD427582FBB0078F67E /* Base */,
			);
			name = LaunchScreen.storyboard;
			sourceTree = "<group>";
		};
		67F86F91275BB279003C233E /* Localizable.strings */ = {
			isa = PBXVariantGroup;
			children = (
				67F86F90275BB279003C233E /* en */,
				67F86F92275BB2A8003C233E /* de */,
				67F86F93275BB2AA003C233E /* tr */,
			);
			name = Localizable.strings;
			sourceTree = "<group>";
		};
/* End PBXVariantGroup section */

/* Begin XCBuildConfiguration section */
		67918BD727582FBB0078F67E /* Debug */ = {
			isa = XCBuildConfiguration;
			buildSettings = {
				ALWAYS_SEARCH_USER_PATHS = NO;
				CLANG_ANALYZER_LOCALIZABILITY_NONLOCALIZED = YES;
				CLANG_ANALYZER_NONNULL = YES;
				CLANG_ANALYZER_NUMBER_OBJECT_CONVERSION = YES_AGGRESSIVE;
				CLANG_CXX_LANGUAGE_STANDARD = "gnu++17";
				CLANG_CXX_LIBRARY = "libc++";
				CLANG_ENABLE_MODULES = YES;
				CLANG_ENABLE_OBJC_ARC = YES;
				CLANG_ENABLE_OBJC_WEAK = YES;
				CLANG_WARN_BLOCK_CAPTURE_AUTORELEASING = YES;
				CLANG_WARN_BOOL_CONVERSION = YES;
				CLANG_WARN_COMMA = YES;
				CLANG_WARN_CONSTANT_CONVERSION = YES;
				CLANG_WARN_DEPRECATED_OBJC_IMPLEMENTATIONS = YES;
				CLANG_WARN_DIRECT_OBJC_ISA_USAGE = YES_ERROR;
				CLANG_WARN_DOCUMENTATION_COMMENTS = YES;
				CLANG_WARN_EMPTY_BODY = YES;
				CLANG_WARN_ENUM_CONVERSION = YES;
				CLANG_WARN_INFINITE_RECURSION = YES;
				CLANG_WARN_INT_CONVERSION = YES;
				CLANG_WARN_NON_LITERAL_NULL_CONVERSION = YES;
				CLANG_WARN_OBJC_IMPLICIT_RETAIN_SELF = YES;
				CLANG_WARN_OBJC_LITERAL_CONVERSION = YES;
				CLANG_WARN_OBJC_ROOT_CLASS = YES_ERROR;
				CLANG_WARN_QUOTED_INCLUDE_IN_FRAMEWORK_HEADER = YES;
				CLANG_WARN_RANGE_LOOP_ANALYSIS = YES;
				CLANG_WARN_STRICT_PROTOTYPES = YES;
				CLANG_WARN_SUSPICIOUS_MOVE = YES;
				CLANG_WARN_UNGUARDED_AVAILABILITY = YES_AGGRESSIVE;
				CLANG_WARN_UNREACHABLE_CODE = YES;
				CLANG_WARN__DUPLICATE_METHOD_MATCH = YES;
				COPY_PHASE_STRIP = NO;
				DEBUG_INFORMATION_FORMAT = dwarf;
				ENABLE_STRICT_OBJC_MSGSEND = YES;
				ENABLE_TESTABILITY = YES;
				GCC_C_LANGUAGE_STANDARD = gnu11;
				GCC_DYNAMIC_NO_PIC = NO;
				GCC_NO_COMMON_BLOCKS = YES;
				GCC_OPTIMIZATION_LEVEL = 0;
				GCC_PREPROCESSOR_DEFINITIONS = (
					"DEBUG=1",
					"$(inherited)",
				);
				GCC_WARN_64_TO_32_BIT_CONVERSION = YES;
				GCC_WARN_ABOUT_RETURN_TYPE = YES_ERROR;
				GCC_WARN_UNDECLARED_SELECTOR = YES;
				GCC_WARN_UNINITIALIZED_AUTOS = YES_AGGRESSIVE;
				GCC_WARN_UNUSED_FUNCTION = YES;
				GCC_WARN_UNUSED_VARIABLE = YES;
				IPHONEOS_DEPLOYMENT_TARGET = 15.0;
				MTL_ENABLE_DEBUG_INFO = INCLUDE_SOURCE;
				MTL_FAST_MATH = YES;
				ONLY_ACTIVE_ARCH = YES;
				SDKROOT = iphoneos;
				SWIFT_ACTIVE_COMPILATION_CONDITIONS = DEBUG;
				SWIFT_OPTIMIZATION_LEVEL = "-Onone";
			};
			name = Debug;
		};
		67918BD827582FBB0078F67E /* Release */ = {
			isa = XCBuildConfiguration;
			buildSettings = {
				ALWAYS_SEARCH_USER_PATHS = NO;
				CLANG_ANALYZER_LOCALIZABILITY_NONLOCALIZED = YES;
				CLANG_ANALYZER_NONNULL = YES;
				CLANG_ANALYZER_NUMBER_OBJECT_CONVERSION = YES_AGGRESSIVE;
				CLANG_CXX_LANGUAGE_STANDARD = "gnu++17";
				CLANG_CXX_LIBRARY = "libc++";
				CLANG_ENABLE_MODULES = YES;
				CLANG_ENABLE_OBJC_ARC = YES;
				CLANG_ENABLE_OBJC_WEAK = YES;
				CLANG_WARN_BLOCK_CAPTURE_AUTORELEASING = YES;
				CLANG_WARN_BOOL_CONVERSION = YES;
				CLANG_WARN_COMMA = YES;
				CLANG_WARN_CONSTANT_CONVERSION = YES;
				CLANG_WARN_DEPRECATED_OBJC_IMPLEMENTATIONS = YES;
				CLANG_WARN_DIRECT_OBJC_ISA_USAGE = YES_ERROR;
				CLANG_WARN_DOCUMENTATION_COMMENTS = YES;
				CLANG_WARN_EMPTY_BODY = YES;
				CLANG_WARN_ENUM_CONVERSION = YES;
				CLANG_WARN_INFINITE_RECURSION = YES;
				CLANG_WARN_INT_CONVERSION = YES;
				CLANG_WARN_NON_LITERAL_NULL_CONVERSION = YES;
				CLANG_WARN_OBJC_IMPLICIT_RETAIN_SELF = YES;
				CLANG_WARN_OBJC_LITERAL_CONVERSION = YES;
				CLANG_WARN_OBJC_ROOT_CLASS = YES_ERROR;
				CLANG_WARN_QUOTED_INCLUDE_IN_FRAMEWORK_HEADER = YES;
				CLANG_WARN_RANGE_LOOP_ANALYSIS = YES;
				CLANG_WARN_STRICT_PROTOTYPES = YES;
				CLANG_WARN_SUSPICIOUS_MOVE = YES;
				CLANG_WARN_UNGUARDED_AVAILABILITY = YES_AGGRESSIVE;
				CLANG_WARN_UNREACHABLE_CODE = YES;
				CLANG_WARN__DUPLICATE_METHOD_MATCH = YES;
				COPY_PHASE_STRIP = NO;
				DEBUG_INFORMATION_FORMAT = "dwarf-with-dsym";
				ENABLE_NS_ASSERTIONS = NO;
				ENABLE_STRICT_OBJC_MSGSEND = YES;
				GCC_C_LANGUAGE_STANDARD = gnu11;
				GCC_NO_COMMON_BLOCKS = YES;
				GCC_WARN_64_TO_32_BIT_CONVERSION = YES;
				GCC_WARN_ABOUT_RETURN_TYPE = YES_ERROR;
				GCC_WARN_UNDECLARED_SELECTOR = YES;
				GCC_WARN_UNINITIALIZED_AUTOS = YES_AGGRESSIVE;
				GCC_WARN_UNUSED_FUNCTION = YES;
				GCC_WARN_UNUSED_VARIABLE = YES;
				IPHONEOS_DEPLOYMENT_TARGET = 15.0;
				MTL_ENABLE_DEBUG_INFO = NO;
				MTL_FAST_MATH = YES;
				SDKROOT = iphoneos;
				SWIFT_COMPILATION_MODE = wholemodule;
				SWIFT_OPTIMIZATION_LEVEL = "-O";
				VALIDATE_PRODUCT = YES;
			};
			name = Release;
		};
		67918BDA27582FBB0078F67E /* Debug */ = {
			isa = XCBuildConfiguration;
			baseConfigurationReference = BD28B275ADA2AA566A2F0AAC /* Pods-Week9.debug.xcconfig */;
			buildSettings = {
				ASSETCATALOG_COMPILER_APPICON_NAME = AppIcon;
				ASSETCATALOG_COMPILER_GLOBAL_ACCENT_COLOR_NAME = AccentColor;
				CODE_SIGN_STYLE = Automatic;
				CURRENT_PROJECT_VERSION = 1;
				DEVELOPMENT_TEAM = BNK334U5U9;
				GENERATE_INFOPLIST_FILE = YES;
				INFOPLIST_FILE = Week9/Info.plist;
				INFOPLIST_KEY_UIApplicationSupportsIndirectInputEvents = YES;
				INFOPLIST_KEY_UILaunchStoryboardName = LaunchScreen;
				INFOPLIST_KEY_UIMainStoryboardFile = Main;
				INFOPLIST_KEY_UISupportedInterfaceOrientations_iPad = "UIInterfaceOrientationPortrait UIInterfaceOrientationPortraitUpsideDown UIInterfaceOrientationLandscapeLeft UIInterfaceOrientationLandscapeRight";
				INFOPLIST_KEY_UISupportedInterfaceOrientations_iPhone = "UIInterfaceOrientationPortrait UIInterfaceOrientationLandscapeLeft UIInterfaceOrientationLandscapeRight";
				LD_RUNPATH_SEARCH_PATHS = (
					"$(inherited)",
					"@executable_path/Frameworks",
				);
				MARKETING_VERSION = 1.0;
				PRODUCT_BUNDLE_IDENTIFIER = com.mehmetsalihcelik.Week9;
				PRODUCT_NAME = "$(TARGET_NAME)";
				SWIFT_EMIT_LOC_STRINGS = YES;
				SWIFT_VERSION = 5.0;
				TARGETED_DEVICE_FAMILY = "1,2";
			};
			name = Debug;
		};
		67918BDB27582FBB0078F67E /* Release */ = {
			isa = XCBuildConfiguration;
			baseConfigurationReference = 0C081294C62EFCB1FE8CDB23 /* Pods-Week9.release.xcconfig */;
			buildSettings = {
				ASSETCATALOG_COMPILER_APPICON_NAME = AppIcon;
				ASSETCATALOG_COMPILER_GLOBAL_ACCENT_COLOR_NAME = AccentColor;
				CODE_SIGN_STYLE = Automatic;
				CURRENT_PROJECT_VERSION = 1;
				DEVELOPMENT_TEAM = BNK334U5U9;
				GENERATE_INFOPLIST_FILE = YES;
				INFOPLIST_FILE = Week9/Info.plist;
				INFOPLIST_KEY_UIApplicationSupportsIndirectInputEvents = YES;
				INFOPLIST_KEY_UILaunchStoryboardName = LaunchScreen;
				INFOPLIST_KEY_UIMainStoryboardFile = Main;
				INFOPLIST_KEY_UISupportedInterfaceOrientations_iPad = "UIInterfaceOrientationPortrait UIInterfaceOrientationPortraitUpsideDown UIInterfaceOrientationLandscapeLeft UIInterfaceOrientationLandscapeRight";
				INFOPLIST_KEY_UISupportedInterfaceOrientations_iPhone = "UIInterfaceOrientationPortrait UIInterfaceOrientationLandscapeLeft UIInterfaceOrientationLandscapeRight";
				LD_RUNPATH_SEARCH_PATHS = (
					"$(inherited)",
					"@executable_path/Frameworks",
				);
				MARKETING_VERSION = 1.0;
				PRODUCT_BUNDLE_IDENTIFIER = com.mehmetsalihcelik.Week9;
				PRODUCT_NAME = "$(TARGET_NAME)";
				SWIFT_EMIT_LOC_STRINGS = YES;
				SWIFT_VERSION = 5.0;
				TARGETED_DEVICE_FAMILY = "1,2";
			};
			name = Release;
		};
/* End XCBuildConfiguration section */

/* Begin XCConfigurationList section */
		67918BC027582FBA0078F67E /* Build configuration list for PBXProject "Week9" */ = {
			isa = XCConfigurationList;
			buildConfigurations = (
				67918BD727582FBB0078F67E /* Debug */,
				67918BD827582FBB0078F67E /* Release */,
			);
			defaultConfigurationIsVisible = 0;
			defaultConfigurationName = Release;
		};
		67918BD927582FBB0078F67E /* Build configuration list for PBXNativeTarget "Week9" */ = {
			isa = XCConfigurationList;
			buildConfigurations = (
				67918BDA27582FBB0078F67E /* Debug */,
				67918BDB27582FBB0078F67E /* Release */,
			);
			defaultConfigurationIsVisible = 0;
			defaultConfigurationName = Release;
		};
/* End XCConfigurationList section */
	};
	rootObject = 67918BBD27582FBA0078F67E /* Project object */;
}
